
Microsoft Visual Studio Solution File, Format Version 12.00
# Visual Studio Version 17
VisualStudioVersion = 17.12.35527.113
MinimumVisualStudioVersion = 10.0.40219.1
Project("{2150E333-8FDC-42A3-9474-1A3956D46DE8}") = "Common", "Common", "{DA61FCC8-033D-4211-AFE7-87B79ED0AB63}"
EndProject
Project("{2150E333-8FDC-42A3-9474-1A3956D46DE8}") = "Domain", "Domain", "{4132595B-5F1B-40B6-8BBE-AD7F61B656FC}"
EndProject
Project("{FAE04EC0-301F-11D3-BF4B-00C04F79EFBC}") = "SmartLedger.Common.Domain", "Common\Domain\SmartLedger.Common.Domain.csproj", "{15742129-14DE-4D4C-B1A1-0BF39F1455E6}"
EndProject
Project("{2150E333-8FDC-42A3-9474-1A3956D46DE8}") = "Infrastructure", "Infrastructure", "{97D5E899-2E96-4263-BC0E-9AD9F8627768}"
EndProject
Project("{FAE04EC0-301F-11D3-BF4B-00C04F79EFBC}") = "SmartLedger.Common.Infrastructure", "Common\Infrastructure\SmartLedger.Common.Infrastructure.csproj", "{43E01262-4AF9-4964-ABD4-230C17D044A1}"
EndProject
Project("{2150E333-8FDC-42A3-9474-1A3956D46DE8}") = "Applications", "Applications", "{9737C126-9E2F-416D-B2E8-11B3E11E9795}"
EndProject
Project("{2150E333-8FDC-42A3-9474-1A3956D46DE8}") = "Contracts", "Contracts", "{06F43AE0-B7DF-4F33-999A-6A6CF28B9584}"
EndProject
Project("{2150E333-8FDC-42A3-9474-1A3956D46DE8}") = "Cqrs", "Cqrs", "{96C35207-1DA8-4D6E-AEA4-31F96846F888}"
EndProject
Project("{FAE04EC0-301F-11D3-BF4B-00C04F79EFBC}") = "SmartLedger.Common.Applications", "Common\Applications\SmartLedger.Common.Applications.csproj", "{3A1E6068-6A17-45A0-96BF-6C1A2E20059D}"
EndProject
Project("{FAE04EC0-301F-11D3-BF4B-00C04F79EFBC}") = "SmartLedger.Common.Contracts", "Common\Contracts\SmartLedger.Common.Contracts.csproj", "{C0149A41-9BC0-4704-AC3B-C8118F95E09A}"
EndProject
Project("{FAE04EC0-301F-11D3-BF4B-00C04F79EFBC}") = "SmartLedger.Common.Cqrs", "Common\Cqrs\SmartLedger.Common.Cqrs.csproj", "{93AF502E-EEC0-414C-876A-36FBF0053E78}"
EndProject
Global
	GlobalSection(SolutionConfigurationPlatforms) = preSolution
		Debug|Any CPU = Debug|Any CPU
		Release|Any CPU = Release|Any CPU
	EndGlobalSection
	GlobalSection(ProjectConfigurationPlatforms) = postSolution
		{15742129-14DE-4D4C-B1A1-0BF39F1455E6}.Debug|Any CPU.ActiveCfg = Debug|Any CPU
		{15742129-14DE-4D4C-B1A1-0BF39F1455E6}.Debug|Any CPU.Build.0 = Debug|Any CPU
		{15742129-14DE-4D4C-B1A1-0BF39F1455E6}.Release|Any CPU.ActiveCfg = Release|Any CPU
		{15742129-14DE-4D4C-B1A1-0BF39F1455E6}.Release|Any CPU.Build.0 = Release|Any CPU
		{43E01262-4AF9-4964-ABD4-230C17D044A1}.Debug|Any CPU.ActiveCfg = Debug|Any CPU
		{43E01262-4AF9-4964-ABD4-230C17D044A1}.Debug|Any CPU.Build.0 = Debug|Any CPU
		{43E01262-4AF9-4964-ABD4-230C17D044A1}.Release|Any CPU.ActiveCfg = Release|Any CPU
		{43E01262-4AF9-4964-ABD4-230C17D044A1}.Release|Any CPU.Build.0 = Release|Any CPU
		{3A1E6068-6A17-45A0-96BF-6C1A2E20059D}.Debug|Any CPU.ActiveCfg = Debug|Any CPU
		{3A1E6068-6A17-45A0-96BF-6C1A2E20059D}.Debug|Any CPU.Build.0 = Debug|Any CPU
		{3A1E6068-6A17-45A0-96BF-6C1A2E20059D}.Release|Any CPU.ActiveCfg = Release|Any CPU
		{3A1E6068-6A17-45A0-96BF-6C1A2E20059D}.Release|Any CPU.Build.0 = Release|Any CPU
		{C0149A41-9BC0-4704-AC3B-C8118F95E09A}.Debug|Any CPU.ActiveCfg = Debug|Any CPU
		{C0149A41-9BC0-4704-AC3B-C8118F95E09A}.Debug|Any CPU.Build.0 = Debug|Any CPU
		{C0149A41-9BC0-4704-AC3B-C8118F95E09A}.Release|Any CPU.ActiveCfg = Release|Any CPU
		{C0149A41-9BC0-4704-AC3B-C8118F95E09A}.Release|Any CPU.Build.0 = Release|Any CPU
		{93AF502E-EEC0-414C-876A-36FBF0053E78}.Debug|Any CPU.ActiveCfg = Debug|Any CPU
		{93AF502E-EEC0-414C-876A-36FBF0053E78}.Debug|Any CPU.Build.0 = Debug|Any CPU
		{93AF502E-EEC0-414C-876A-36FBF0053E78}.Release|Any CPU.ActiveCfg = Release|Any CPU
		{93AF502E-EEC0-414C-876A-36FBF0053E78}.Release|Any CPU.Build.0 = Release|Any CPU
	EndGlobalSection
	GlobalSection(SolutionProperties) = preSolution
		HideSolutionNode = FALSE
	EndGlobalSection
	GlobalSection(NestedProjects) = preSolution
		{4132595B-5F1B-40B6-8BBE-AD7F61B656FC} = {DA61FCC8-033D-4211-AFE7-87B79ED0AB63}
		{15742129-14DE-4D4C-B1A1-0BF39F1455E6} = {4132595B-5F1B-40B6-8BBE-AD7F61B656FC}
		{97D5E899-2E96-4263-BC0E-9AD9F8627768} = {DA61FCC8-033D-4211-AFE7-87B79ED0AB63}
		{43E01262-4AF9-4964-ABD4-230C17D044A1} = {97D5E899-2E96-4263-BC0E-9AD9F8627768}
		{9737C126-9E2F-416D-B2E8-11B3E11E9795} = {DA61FCC8-033D-4211-AFE7-87B79ED0AB63}
		{06F43AE0-B7DF-4F33-999A-6A6CF28B9584} = {DA61FCC8-033D-4211-AFE7-87B79ED0AB63}
		{96C35207-1DA8-4D6E-AEA4-31F96846F888} = {DA61FCC8-033D-4211-AFE7-87B79ED0AB63}
		{3A1E6068-6A17-45A0-96BF-6C1A2E20059D} = {9737C126-9E2F-416D-B2E8-11B3E11E9795}
		{C0149A41-9BC0-4704-AC3B-C8118F95E09A} = {06F43AE0-B7DF-4F33-999A-6A6CF28B9584}
		{93AF502E-EEC0-414C-876A-36FBF0053E78} = {96C35207-1DA8-4D6E-AEA4-31F96846F888}
	EndGlobalSection
EndGlobal
