
Microsoft Visual Studio Solution File, Format Version 12.00
# Visual Studio Version 17
VisualStudioVersion = 17.12.35527.113
MinimumVisualStudioVersion = 10.0.40219.1
Project("{2150E333-8FDC-42A3-9474-1A3956D46DE8}") = "Common", "Common", "{DA61FCC8-033D-4211-AFE7-87B79ED0AB63}"
EndProject
Project("{2150E333-8FDC-42A3-9474-1A3956D46DE8}") = "Domain", "Domain", "{4132595B-5F1B-40B6-8BBE-AD7F61B656FC}"
EndProject
Project("{FAE04EC0-301F-11D3-BF4B-00C04F79EFBC}") = "SmartLedger.Common.Domain", "Common\Domain\SmartLedger.Common.Domain.csproj", "{15742129-14DE-4D4C-B1A1-0BF39F1455E6}"
EndProject
Project("{2150E333-8FDC-42A3-9474-1A3956D46DE8}") = "Infrastructure", "Infrastructure", "{97D5E899-2E96-4263-BC0E-9AD9F8627768}"
EndProject
Project("{FAE04EC0-301F-11D3-BF4B-00C04F79EFBC}") = "SmartLedger.Common.Infrastructure", "Common\Infrastructure\SmartLedger.Common.Infrastructure.csproj", "{43E01262-4AF9-4964-ABD4-230C17D044A1}"
EndProject
Project("{2150E333-8FDC-42A3-9474-1A3956D46DE8}") = "Applications", "Applications", "{9737C126-9E2F-416D-B2E8-11B3E11E9795}"
EndProject
Project("{2150E333-8FDC-42A3-9474-1A3956D46DE8}") = "Contracts", "Contracts", "{06F43AE0-B7DF-4F33-999A-6A6CF28B9584}"
EndProject
Project("{2150E333-8FDC-42A3-9474-1A3956D46DE8}") = "Cqrs", "Cqrs", "{96C35207-1DA8-4D6E-AEA4-31F96846F888}"
EndProject
Project("{FAE04EC0-301F-11D3-BF4B-00C04F79EFBC}") = "SmartLedger.Common.Applications", "Common\Applications\SmartLedger.Common.Applications.csproj", "{3A1E6068-6A17-45A0-96BF-6C1A2E20059D}"
EndProject
Project("{FAE04EC0-301F-11D3-BF4B-00C04F79EFBC}") = "SmartLedger.Common.Contracts", "Common\Contracts\SmartLedger.Common.Contracts.csproj", "{C0149A41-9BC0-4704-AC3B-C8118F95E09A}"
EndProject
Project("{FAE04EC0-301F-11D3-BF4B-00C04F79EFBC}") = "SmartLedger.Common.Cqrs", "Common\Cqrs\SmartLedger.Common.Cqrs.csproj", "{93AF502E-EEC0-414C-876A-36FBF0053E78}"
EndProject
Project("{2150E333-8FDC-42A3-9474-1A3956D46DE8}") = "Hosts", "Hosts", "{82072A5A-A7F3-4944-A055-BFE6D94F9476}"
EndProject
Project("{2150E333-8FDC-42A3-9474-1A3956D46DE8}") = "Migrations", "Migrations", "{D1B5F0CD-81FB-46B2-A2BC-2201D94CE84B}"
EndProject
Project("{FAE04EC0-301F-11D3-BF4B-00C04F79EFBC}") = "SmartLedger.Common.Hosts.Migrations", "Common\Hosts\Migrations\SmartLedger.Common.Hosts.Migrations.csproj", "{8CF80E38-770E-4E23-8DD3-F14B8D9F2637}"
EndProject
Project("{2150E333-8FDC-42A3-9474-1A3956D46DE8}") = "Modules", "Modules", "{B22AC098-0BA3-4FFE-97F8-6A22FE29CCA2}"
EndProject
Project("{2150E333-8FDC-42A3-9474-1A3956D46DE8}") = "Transactions", "Transactions", "{4527C80D-EAD2-46B3-8443-76B666AC3131}"
EndProject
Project("{2150E333-8FDC-42A3-9474-1A3956D46DE8}") = "Domain", "Domain", "{D923C858-DFC8-4E4A-B875-3508E90B2246}"
EndProject
Project("{2150E333-8FDC-42A3-9474-1A3956D46DE8}") = "Applications", "Applications", "{37E4C15F-F2D8-4BB5-AE00-6E18833DAD3E}"
EndProject
Project("{2150E333-8FDC-42A3-9474-1A3956D46DE8}") = "Infrastructure", "Infrastructure", "{43EDDDA8-3200-4910-AD6D-05DC2A58727E}"
EndProject
Project("{2150E333-8FDC-42A3-9474-1A3956D46DE8}") = "Events", "Events", "{EE4A4BE2-3152-461F-8989-90EC724D8CC9}"
EndProject
Project("{2150E333-8FDC-42A3-9474-1A3956D46DE8}") = "Contracts", "Contracts", "{B0B48BB0-3400-49F6-8C52-00C8235CDABB}"
EndProject
Project("{FAE04EC0-301F-11D3-BF4B-00C04F79EFBC}") = "SmartLedger.Modules.Transactions.Applications", "Modules\Transactions\Applications\SmartLedger.Modules.Transactions.Applications.csproj", "{A7B955AA-47D8-43EE-B4BA-45A970C405F9}"
EndProject
Project("{FAE04EC0-301F-11D3-BF4B-00C04F79EFBC}") = "SmartLedger.Modules.Transactions.Contracts", "Modules\Transactions\Contracts\SmartLedger.Modules.Transactions.Contracts.csproj", "{A422D197-4041-443A-88E6-04AC0F18BD86}"
EndProject
Project("{FAE04EC0-301F-11D3-BF4B-00C04F79EFBC}") = "SmartLedger.Modules.Transactions.Domain", "Modules\Transactions\Domain\SmartLedger.Modules.Transactions.Domain.csproj", "{A35EB4A2-83E2-483F-8490-3675A5CE36A0}"
EndProject
Project("{FAE04EC0-301F-11D3-BF4B-00C04F79EFBC}") = "SmartLedger.Modules.Transactions.Infrastructure", "Modules\Transactions\Infrastucture\SmartLedger.Modules.Transactions.Infrastructure.csproj", "{87D3633B-423B-44CB-AD98-9F147347C431}"
EndProject
Project("{FAE04EC0-301F-11D3-BF4B-00C04F79EFBC}") = "SmartLedger.Modules.Transactions.Events", "Modules\Transactions\Events\SmartLedger.Modules.Transactions.Events.csproj", "{C3D0EBD8-63A7-4210-9B28-9B5D0C7864F7}"
EndProject
Project("{2150E333-8FDC-42A3-9474-1A3956D46DE8}") = "Элементы решения", "Элементы решения", "{533C8D62-454C-4398-9173-4777FA889CC9}"
	ProjectSection(SolutionItems) = preProject
		..\docker\docker-compose.yaml = ..\docker\docker-compose.yaml
	EndProjectSection
EndProject
Project("{2150E333-8FDC-42A3-9474-1A3956D46DE8}") = "Hosts", "Hosts", "{40B26C1F-E271-4730-929C-2A2DEAFEC7D2}"
EndProject
Project("{FAE04EC0-301F-11D3-BF4B-00C04F79EFBC}") = "SmartLedger.Hosts", "Hosts\SmartLedger.Hosts.csproj", "{1CD27414-F3F7-4364-8C2B-EBDACAF6DEBE}"
EndProject
Global
	GlobalSection(SolutionConfigurationPlatforms) = preSolution
		Debug|Any CPU = Debug|Any CPU
		Release|Any CPU = Release|Any CPU
	EndGlobalSection
	GlobalSection(ProjectConfigurationPlatforms) = postSolution
		{15742129-14DE-4D4C-B1A1-0BF39F1455E6}.Debug|Any CPU.ActiveCfg = Debug|Any CPU
		{15742129-14DE-4D4C-B1A1-0BF39F1455E6}.Debug|Any CPU.Build.0 = Debug|Any CPU
		{15742129-14DE-4D4C-B1A1-0BF39F1455E6}.Release|Any CPU.ActiveCfg = Release|Any CPU
		{15742129-14DE-4D4C-B1A1-0BF39F1455E6}.Release|Any CPU.Build.0 = Release|Any CPU
		{43E01262-4AF9-4964-ABD4-230C17D044A1}.Debug|Any CPU.ActiveCfg = Debug|Any CPU
		{43E01262-4AF9-4964-ABD4-230C17D044A1}.Debug|Any CPU.Build.0 = Debug|Any CPU
		{43E01262-4AF9-4964-ABD4-230C17D044A1}.Release|Any CPU.ActiveCfg = Release|Any CPU
		{43E01262-4AF9-4964-ABD4-230C17D044A1}.Release|Any CPU.Build.0 = Release|Any CPU
		{3A1E6068-6A17-45A0-96BF-6C1A2E20059D}.Debug|Any CPU.ActiveCfg = Debug|Any CPU
		{3A1E6068-6A17-45A0-96BF-6C1A2E20059D}.Debug|Any CPU.Build.0 = Debug|Any CPU
		{3A1E6068-6A17-45A0-96BF-6C1A2E20059D}.Release|Any CPU.ActiveCfg = Release|Any CPU
		{3A1E6068-6A17-45A0-96BF-6C1A2E20059D}.Release|Any CPU.Build.0 = Release|Any CPU
		{C0149A41-9BC0-4704-AC3B-C8118F95E09A}.Debug|Any CPU.ActiveCfg = Debug|Any CPU
		{C0149A41-9BC0-4704-AC3B-C8118F95E09A}.Debug|Any CPU.Build.0 = Debug|Any CPU
		{C0149A41-9BC0-4704-AC3B-C8118F95E09A}.Release|Any CPU.ActiveCfg = Release|Any CPU
		{C0149A41-9BC0-4704-AC3B-C8118F95E09A}.Release|Any CPU.Build.0 = Release|Any CPU
		{93AF502E-EEC0-414C-876A-36FBF0053E78}.Debug|Any CPU.ActiveCfg = Debug|Any CPU
		{93AF502E-EEC0-414C-876A-36FBF0053E78}.Debug|Any CPU.Build.0 = Debug|Any CPU
		{93AF502E-EEC0-414C-876A-36FBF0053E78}.Release|Any CPU.ActiveCfg = Release|Any CPU
		{93AF502E-EEC0-414C-876A-36FBF0053E78}.Release|Any CPU.Build.0 = Release|Any CPU
		{8CF80E38-770E-4E23-8DD3-F14B8D9F2637}.Debug|Any CPU.ActiveCfg = Debug|Any CPU
		{8CF80E38-770E-4E23-8DD3-F14B8D9F2637}.Debug|Any CPU.Build.0 = Debug|Any CPU
		{8CF80E38-770E-4E23-8DD3-F14B8D9F2637}.Release|Any CPU.ActiveCfg = Release|Any CPU
		{8CF80E38-770E-4E23-8DD3-F14B8D9F2637}.Release|Any CPU.Build.0 = Release|Any CPU
		{A7B955AA-47D8-43EE-B4BA-45A970C405F9}.Debug|Any CPU.ActiveCfg = Debug|Any CPU
		{A7B955AA-47D8-43EE-B4BA-45A970C405F9}.Debug|Any CPU.Build.0 = Debug|Any CPU
		{A7B955AA-47D8-43EE-B4BA-45A970C405F9}.Release|Any CPU.ActiveCfg = Release|Any CPU
		{A7B955AA-47D8-43EE-B4BA-45A970C405F9}.Release|Any CPU.Build.0 = Release|Any CPU
		{A422D197-4041-443A-88E6-04AC0F18BD86}.Debug|Any CPU.ActiveCfg = Debug|Any CPU
		{A422D197-4041-443A-88E6-04AC0F18BD86}.Debug|Any CPU.Build.0 = Debug|Any CPU
		{A422D197-4041-443A-88E6-04AC0F18BD86}.Release|Any CPU.ActiveCfg = Release|Any CPU
		{A422D197-4041-443A-88E6-04AC0F18BD86}.Release|Any CPU.Build.0 = Release|Any CPU
		{A35EB4A2-83E2-483F-8490-3675A5CE36A0}.Debug|Any CPU.ActiveCfg = Debug|Any CPU
		{A35EB4A2-83E2-483F-8490-3675A5CE36A0}.Debug|Any CPU.Build.0 = Debug|Any CPU
		{A35EB4A2-83E2-483F-8490-3675A5CE36A0}.Release|Any CPU.ActiveCfg = Release|Any CPU
		{A35EB4A2-83E2-483F-8490-3675A5CE36A0}.Release|Any CPU.Build.0 = Release|Any CPU
		{87D3633B-423B-44CB-AD98-9F147347C431}.Debug|Any CPU.ActiveCfg = Debug|Any CPU
		{87D3633B-423B-44CB-AD98-9F147347C431}.Debug|Any CPU.Build.0 = Debug|Any CPU
		{87D3633B-423B-44CB-AD98-9F147347C431}.Release|Any CPU.ActiveCfg = Release|Any CPU
		{87D3633B-423B-44CB-AD98-9F147347C431}.Release|Any CPU.Build.0 = Release|Any CPU
		{C3D0EBD8-63A7-4210-9B28-9B5D0C7864F7}.Debug|Any CPU.ActiveCfg = Debug|Any CPU
		{C3D0EBD8-63A7-4210-9B28-9B5D0C7864F7}.Debug|Any CPU.Build.0 = Debug|Any CPU
		{C3D0EBD8-63A7-4210-9B28-9B5D0C7864F7}.Release|Any CPU.ActiveCfg = Release|Any CPU
		{C3D0EBD8-63A7-4210-9B28-9B5D0C7864F7}.Release|Any CPU.Build.0 = Release|Any CPU
		{1CD27414-F3F7-4364-8C2B-EBDACAF6DEBE}.Debug|Any CPU.ActiveCfg = Debug|Any CPU
		{1CD27414-F3F7-4364-8C2B-EBDACAF6DEBE}.Debug|Any CPU.Build.0 = Debug|Any CPU
		{1CD27414-F3F7-4364-8C2B-EBDACAF6DEBE}.Release|Any CPU.ActiveCfg = Release|Any CPU
		{1CD27414-F3F7-4364-8C2B-EBDACAF6DEBE}.Release|Any CPU.Build.0 = Release|Any CPU
	EndGlobalSection
	GlobalSection(SolutionProperties) = preSolution
		HideSolutionNode = FALSE
	EndGlobalSection
	GlobalSection(NestedProjects) = preSolution
		{4132595B-5F1B-40B6-8BBE-AD7F61B656FC} = {DA61FCC8-033D-4211-AFE7-87B79ED0AB63}
		{15742129-14DE-4D4C-B1A1-0BF39F1455E6} = {4132595B-5F1B-40B6-8BBE-AD7F61B656FC}
		{97D5E899-2E96-4263-BC0E-9AD9F8627768} = {DA61FCC8-033D-4211-AFE7-87B79ED0AB63}
		{43E01262-4AF9-4964-ABD4-230C17D044A1} = {97D5E899-2E96-4263-BC0E-9AD9F8627768}
		{9737C126-9E2F-416D-B2E8-11B3E11E9795} = {DA61FCC8-033D-4211-AFE7-87B79ED0AB63}
		{06F43AE0-B7DF-4F33-999A-6A6CF28B9584} = {DA61FCC8-033D-4211-AFE7-87B79ED0AB63}
		{96C35207-1DA8-4D6E-AEA4-31F96846F888} = {DA61FCC8-033D-4211-AFE7-87B79ED0AB63}
		{3A1E6068-6A17-45A0-96BF-6C1A2E20059D} = {9737C126-9E2F-416D-B2E8-11B3E11E9795}
		{C0149A41-9BC0-4704-AC3B-C8118F95E09A} = {06F43AE0-B7DF-4F33-999A-6A6CF28B9584}
		{93AF502E-EEC0-414C-876A-36FBF0053E78} = {96C35207-1DA8-4D6E-AEA4-31F96846F888}
		{82072A5A-A7F3-4944-A055-BFE6D94F9476} = {DA61FCC8-033D-4211-AFE7-87B79ED0AB63}
		{D1B5F0CD-81FB-46B2-A2BC-2201D94CE84B} = {82072A5A-A7F3-4944-A055-BFE6D94F9476}
		{8CF80E38-770E-4E23-8DD3-F14B8D9F2637} = {D1B5F0CD-81FB-46B2-A2BC-2201D94CE84B}
		{4527C80D-EAD2-46B3-8443-76B666AC3131} = {B22AC098-0BA3-4FFE-97F8-6A22FE29CCA2}
		{D923C858-DFC8-4E4A-B875-3508E90B2246} = {4527C80D-EAD2-46B3-8443-76B666AC3131}
		{37E4C15F-F2D8-4BB5-AE00-6E18833DAD3E} = {4527C80D-EAD2-46B3-8443-76B666AC3131}
		{43EDDDA8-3200-4910-AD6D-05DC2A58727E} = {4527C80D-EAD2-46B3-8443-76B666AC3131}
		{EE4A4BE2-3152-461F-8989-90EC724D8CC9} = {4527C80D-EAD2-46B3-8443-76B666AC3131}
		{B0B48BB0-3400-49F6-8C52-00C8235CDABB} = {4527C80D-EAD2-46B3-8443-76B666AC3131}
		{A7B955AA-47D8-43EE-B4BA-45A970C405F9} = {37E4C15F-F2D8-4BB5-AE00-6E18833DAD3E}
		{A422D197-4041-443A-88E6-04AC0F18BD86} = {B0B48BB0-3400-49F6-8C52-00C8235CDABB}
		{A35EB4A2-83E2-483F-8490-3675A5CE36A0} = {D923C858-DFC8-4E4A-B875-3508E90B2246}
		{87D3633B-423B-44CB-AD98-9F147347C431} = {43EDDDA8-3200-4910-AD6D-05DC2A58727E}
		{C3D0EBD8-63A7-4210-9B28-9B5D0C7864F7} = {EE4A4BE2-3152-461F-8989-90EC724D8CC9}
		{1CD27414-F3F7-4364-8C2B-EBDACAF6DEBE} = {40B26C1F-E271-4730-929C-2A2DEAFEC7D2}
	EndGlobalSection
EndGlobal
