
Microsoft Visual Studio Solution File, Format Version 12.00
# Visual Studio Version 17
VisualStudioVersion = 17.12.35527.113
MinimumVisualStudioVersion = 10.0.40219.1
Project("{2150E333-8FDC-42A3-9474-1A3956D46DE8}") = "Common", "Common", "{DA61FCC8-033D-4211-AFE7-87B79ED0AB63}"
EndProject
Project("{2150E333-8FDC-42A3-9474-1A3956D46DE8}") = "Domain", "Domain", "{4132595B-5F1B-40B6-8BBE-AD7F61B656FC}"
EndProject
Project("{FAE04EC0-301F-11D3-BF4B-00C04F79EFBC}") = "SmartLedger.Common.Domain", "Common\Domain\SmartLedger.Common.Domain.csproj", "{15742129-14DE-4D4C-B1A1-0BF39F1455E6}"
EndProject
Project("{2150E333-8FDC-42A3-9474-1A3956D46DE8}") = "Infrastructure", "Infrastructure", "{97D5E899-2E96-4263-BC0E-9AD9F8627768}"
EndProject
Project("{FAE04EC0-301F-11D3-BF4B-00C04F79EFBC}") = "SmartLedger.Common.Infrastructure", "Common\Infrastructure\SmartLedger.Common.Infrastructure.csproj", "{43E01262-4AF9-4964-ABD4-230C17D044A1}"
EndProject
Project("{2150E333-8FDC-42A3-9474-1A3956D46DE8}") = "Applications", "Applications", "{9737C126-9E2F-416D-B2E8-11B3E11E9795}"
EndProject
Project("{2150E333-8FDC-42A3-9474-1A3956D46DE8}") = "Contracts", "Contracts", "{06F43AE0-B7DF-4F33-999A-6A6CF28B9584}"
EndProject
Project("{2150E333-8FDC-42A3-9474-1A3956D46DE8}") = "Cqrs", "Cqrs", "{96C35207-1DA8-4D6E-AEA4-31F96846F888}"
EndProject
Project("{FAE04EC0-301F-11D3-BF4B-00C04F79EFBC}") = "SmartLedger.Common.Contracts", "Common\Contracts\SmartLedger.Common.Contracts.csproj", "{C0149A41-9BC0-4704-AC3B-C8118F95E09A}"
EndProject
Project("{FAE04EC0-301F-11D3-BF4B-00C04F79EFBC}") = "SmartLedger.Common.Cqrs", "Common\Cqrs\SmartLedger.Common.Cqrs.csproj", "{93AF502E-EEC0-414C-876A-36FBF0053E78}"
EndProject
Project("{2150E333-8FDC-42A3-9474-1A3956D46DE8}") = "Modules", "Modules", "{B22AC098-0BA3-4FFE-97F8-6A22FE29CCA2}"
EndProject
Project("{2150E333-8FDC-42A3-9474-1A3956D46DE8}") = "Transactions", "Transactions", "{4527C80D-EAD2-46B3-8443-76B666AC3131}"
EndProject
Project("{2150E333-8FDC-42A3-9474-1A3956D46DE8}") = "Domain", "Domain", "{D923C858-DFC8-4E4A-B875-3508E90B2246}"
EndProject
Project("{2150E333-8FDC-42A3-9474-1A3956D46DE8}") = "Applications", "Applications", "{37E4C15F-F2D8-4BB5-AE00-6E18833DAD3E}"
EndProject
Project("{2150E333-8FDC-42A3-9474-1A3956D46DE8}") = "Infrastructure", "Infrastructure", "{43EDDDA8-3200-4910-AD6D-05DC2A58727E}"
EndProject
Project("{2150E333-8FDC-42A3-9474-1A3956D46DE8}") = "Contracts", "Contracts", "{B0B48BB0-3400-49F6-8C52-00C8235CDABB}"
EndProject
Project("{FAE04EC0-301F-11D3-BF4B-00C04F79EFBC}") = "SmartLedger.Modules.Transactions.Contracts", "Modules\Transactions\Contracts\SmartLedger.Modules.Transactions.Contracts.csproj", "{A422D197-4041-443A-88E6-04AC0F18BD86}"
EndProject
Project("{FAE04EC0-301F-11D3-BF4B-00C04F79EFBC}") = "SmartLedger.Modules.Transactions.Domain", "Modules\Transactions\Domain\SmartLedger.Modules.Transactions.Domain.csproj", "{A35EB4A2-83E2-483F-8490-3675A5CE36A0}"
EndProject
Project("{2150E333-8FDC-42A3-9474-1A3956D46DE8}") = "Элементы решения", "Элементы решения", "{533C8D62-454C-4398-9173-4777FA889CC9}"
	ProjectSection(SolutionItems) = preProject
		..\docker\config\otel-collector\config.yml = ..\docker\config\otel-collector\config.yml
		..\docker\docker-compose.monitoring.yml = ..\docker\docker-compose.monitoring.yml
		..\docker\docker-compose.yml = ..\docker\docker-compose.yml
		..\docker\config\loki\loki-config.yml = ..\docker\config\loki\loki-config.yml
		..\docker\config\prometheus\prometheus.yml = ..\docker\config\prometheus\prometheus.yml
	EndProjectSection
EndProject
Project("{2150E333-8FDC-42A3-9474-1A3956D46DE8}") = "Hosts", "Hosts", "{40B26C1F-E271-4730-929C-2A2DEAFEC7D2}"
EndProject
Project("{2150E333-8FDC-42A3-9474-1A3956D46DE8}") = "Hosts", "Hosts", "{1FD37B31-3BF5-4633-A009-B1704FE8DA46}"
EndProject
Project("{2150E333-8FDC-42A3-9474-1A3956D46DE8}") = "Hosts", "Hosts", "{8CB47733-B045-4FDB-BB9B-5FD13866FEF7}"
EndProject
Project("{2150E333-8FDC-42A3-9474-1A3956D46DE8}") = "Migrations", "Migrations", "{C76A20E1-9A43-49E1-AF30-507C593CB350}"
EndProject
Project("{FAE04EC0-301F-11D3-BF4B-00C04F79EFBC}") = "SmartLedger.Common.Hosts.Migrations", "Common\Hosts\Migrations\SmartLedger.Common.Hosts.Migrations.csproj", "{2DCB6A98-0443-4FD8-9B17-0891DABEF35A}"
EndProject
Project("{2150E333-8FDC-42A3-9474-1A3956D46DE8}") = "Api", "Api", "{D99FFD1E-E4B0-4A89-BF56-8CDE06A80594}"
EndProject
Project("{2150E333-8FDC-42A3-9474-1A3956D46DE8}") = "Migrations", "Migrations", "{D5E5D025-F9A9-44B7-A937-93730D859ECF}"
EndProject
Project("{FAE04EC0-301F-11D3-BF4B-00C04F79EFBC}") = "SmartLedger.Hosts.Api", "Hosts\Api\SmartLedger.Hosts.Api.csproj", "{45162F20-275A-42A3-AAFF-1AA027E90B16}"
EndProject
Project("{FAE04EC0-301F-11D3-BF4B-00C04F79EFBC}") = "SmartLedger.Hosts.Migrations", "Hosts\Migrations\SmartLedger.Hosts.Migrations.csproj", "{CDE1D1FF-011C-41CC-AA08-C3E0AC79C7F1}"
EndProject
Project("{2150E333-8FDC-42A3-9474-1A3956D46DE8}") = "Migrations", "Migrations", "{0FEE806D-0203-4AE6-A8D6-3D6CA004555C}"
EndProject
Project("{FAE04EC0-301F-11D3-BF4B-00C04F79EFBC}") = "SmartLedger.Modules.Transactions.Hosts.Migrations", "Modules\Transactions\Hosts\Migrations\SmartLedger.Modules.Transactions.Hosts.Migrations.csproj", "{BAE83DD2-0D32-4FC0-A457-E7B00237FB38}"
EndProject
Project("{FAE04EC0-301F-11D3-BF4B-00C04F79EFBC}") = "SmartLedger.Modules.Transactions.Infrastructure", "Modules\Transactions\Infrastructure\SmartLedger.Modules.Transactions.Infrastructure.csproj", "{A833E9FA-5BA0-4EFC-9B89-AAEF43BE9FF0}"
EndProject
Project("{2150E333-8FDC-42A3-9474-1A3956D46DE8}") = "Handlers", "Handlers", "{9FC7406C-D8E9-4CAF-9FD9-65E876453D89}"
EndProject
Project("{2150E333-8FDC-42A3-9474-1A3956D46DE8}") = "AppServices", "AppServices", "{8BEAEE3D-87FC-47AB-801D-18D50272D435}"
EndProject
Project("{FAE04EC0-301F-11D3-BF4B-00C04F79EFBC}") = "SmartLedger.Common.Applications.AppServices", "Common\Applications\AppServices\SmartLedger.Common.Applications.AppServices.csproj", "{633C5C5E-2107-4FC2-891B-EB821218EE5A}"
EndProject
Project("{FAE04EC0-301F-11D3-BF4B-00C04F79EFBC}") = "SmartLedger.Common.Applications.Handlers", "Common\Applications\Handlers\SmartLedger.Common.Applications.Handlers.csproj", "{3D37FA77-FBDE-4725-A958-3F5AD5C5C214}"
EndProject
Project("{2150E333-8FDC-42A3-9474-1A3956D46DE8}") = "AppServices", "AppServices", "{DB34BAA6-E37D-4F01-8BAA-56BE0024028F}"
EndProject
Project("{2150E333-8FDC-42A3-9474-1A3956D46DE8}") = "Handlers", "Handlers", "{2058631F-FF51-40DB-A7E7-F1191E036EA8}"
EndProject
Project("{FAE04EC0-301F-11D3-BF4B-00C04F79EFBC}") = "SmartLedger.Modules.Transactions.Applications.AppServices", "Modules\Transactions\Applications\AppServices\SmartLedger.Modules.Transactions.Applications.AppServices.csproj", "{A1217DFC-8781-4AD5-B0CD-8C3DA56B5445}"
EndProject
Project("{FAE04EC0-301F-11D3-BF4B-00C04F79EFBC}") = "SmartLedger.Modules.Transactions.Applications.Handlers", "Modules\Transactions\Applications\Handlers\SmartLedger.Modules.Transactions.Applications.Handlers.csproj", "{F3891547-4443-4195-9092-4A7FEBD76D6F}"
EndProject
Project("{2150E333-8FDC-42A3-9474-1A3956D46DE8}") = "Budgets", "Budgets", "{C11C76D3-5798-474E-A1CA-FE43B43A034E}"
EndProject
Project("{2150E333-8FDC-42A3-9474-1A3956D46DE8}") = "Domain", "Domain", "{3C6A2C82-E953-4830-ADB5-3BD6195C5193}"
EndProject
Project("{FAE04EC0-301F-11D3-BF4B-00C04F79EFBC}") = "SmartLedger.Modules.Budgets.Domain", "Modules\Budgets\Domain\SmartLedger.Modules.Budgets.Domain.csproj", "{89AE83EE-1C66-4952-B9FB-9DE24F76966F}"
EndProject
Project("{2150E333-8FDC-42A3-9474-1A3956D46DE8}") = "Infrastructure", "Infrastructure", "{EF128EFC-4A5A-42F3-9BAE-DAA97B6DAD92}"
EndProject
Project("{FAE04EC0-301F-11D3-BF4B-00C04F79EFBC}") = "SmartLedger.Modules.Budgets.Infrastructure", "Modules\Budgets\Infrastructure\SmartLedger.Modules.Budgets.Infrastructure.csproj", "{0EA4329C-07DB-41D7-8947-9BBBEAE66653}"
EndProject
Project("{2150E333-8FDC-42A3-9474-1A3956D46DE8}") = "Hosts", "Hosts", "{7FFE50FC-A9AC-44D1-9C86-B7D923EEB89F}"
EndProject
Project("{2150E333-8FDC-42A3-9474-1A3956D46DE8}") = "Migrations", "Migrations", "{5BA95F48-AAEB-44E5-A9EC-A9A7A2386601}"
EndProject
Project("{2150E333-8FDC-42A3-9474-1A3956D46DE8}") = "Applications", "Applications", "{D1463AC4-95C4-4E4D-900A-F1819113DE09}"
EndProject
Project("{2150E333-8FDC-42A3-9474-1A3956D46DE8}") = "AppServices", "AppServices", "{5ECDF950-6937-4993-82D9-29D9AF7511AA}"
EndProject
Project("{2150E333-8FDC-42A3-9474-1A3956D46DE8}") = "Handlers", "Handlers", "{E24ACEFB-E6FA-46C4-BF2E-73C86F1F7DA5}"
EndProject
Project("{FAE04EC0-301F-11D3-BF4B-00C04F79EFBC}") = "SmartLedger.Modules.Budgets.Applications.AppServices", "Modules\Budgets\Applications\AppServices\SmartLedger.Modules.Budgets.Applications.AppServices.csproj", "{86A6C493-097D-431B-B380-58570B4862E4}"
EndProject
Project("{FAE04EC0-301F-11D3-BF4B-00C04F79EFBC}") = "SmartLedger.Modules.Budgets.Applications.Handlers", "Modules\Budgets\Applications\Handlers\SmartLedger.Modules.Budgets.Applications.Handlers.csproj", "{81ED5D9A-7F3C-491D-884F-45E0949F3E21}"
EndProject
Project("{2150E333-8FDC-42A3-9474-1A3956D46DE8}") = "Contracts", "Contracts", "{509AE6A8-1216-4A81-A1EB-87721030D0F0}"
EndProject
Project("{FAE04EC0-301F-11D3-BF4B-00C04F79EFBC}") = "SmartLedger.Modules.Budgets.Contracts", "Modules\Budgets\Contracts\SmartLedger.Modules.Budgets.Contracts.csproj", "{9E1E72FB-5290-4B4C-A96A-9CC32D9452A2}"
EndProject
Project("{FAE04EC0-301F-11D3-BF4B-00C04F79EFBC}") = "SmartLedger.Modules.Budgets.Hosts.Migrations", "Modules\Budgets\Hosts\Migrations\SmartLedger.Modules.Budgets.Hosts.Migrations.csproj", "{E80BFEB4-BC33-482F-B9AB-C60DEC7FCE97}"
EndProject
Project("{2150E333-8FDC-42A3-9474-1A3956D46DE8}") = "Common", "Common", "{CD39A0E2-684F-459E-8CC1-86A7FCFD515C}"
EndProject
Project("{FAE04EC0-301F-11D3-BF4B-00C04F79EFBC}") = "SmartLedger.Common.Hosts", "Common\Hosts\Common\SmartLedger.Common.Hosts.csproj", "{8C95D6BE-E7B5-467A-BC50-152FE16F25D0}"
EndProject
Project("{2150E333-8FDC-42A3-9474-1A3956D46DE8}") = "Security", "Security", "{D6751EB5-C1D7-4CE1-A6D2-6BEDAD98A319}"
EndProject
Project("{2150E333-8FDC-42A3-9474-1A3956D46DE8}") = "Applications", "Applications", "{3315345C-A5DD-4DEA-9A4D-FA7BDA8FEF10}"
EndProject
Project("{2150E333-8FDC-42A3-9474-1A3956D46DE8}") = "AppServices", "AppServices", "{4A33F111-F927-411F-95EA-CDA62507FAF1}"
EndProject
Project("{2150E333-8FDC-42A3-9474-1A3956D46DE8}") = "Handlers", "Handlers", "{1F20F665-3D94-438C-93EE-AEE020FA401C}"
EndProject
Project("{FAE04EC0-301F-11D3-BF4B-00C04F79EFBC}") = "SmartLedger.Modules.Security.Applications.AppServices", "Modules\Security\Applications\AppServices\SmartLedger.Modules.Security.Applications.AppServices.csproj", "{1A05AB27-B2AE-4ADA-9570-3969B1911642}"
EndProject
Project("{FAE04EC0-301F-11D3-BF4B-00C04F79EFBC}") = "SmartLedger.Modules.Security.Applications.Handlers", "Modules\Security\Applications\Handlers\SmartLedger.Modules.Security.Applications.Handlers.csproj", "{4860062F-96BC-430A-BF29-3160A23220DB}"
EndProject
Project("{2150E333-8FDC-42A3-9474-1A3956D46DE8}") = "Contracts", "Contracts", "{1C0DBCD7-87B0-4F71-A13F-673E39E6F36D}"
EndProject
Project("{FAE04EC0-301F-11D3-BF4B-00C04F79EFBC}") = "SmartLedger.Modules.Security.Contracts", "Modules\Security\Contracts\SmartLedger.Modules.Security.Contracts.csproj", "{E24CBE4D-AF11-46DE-AE82-E45650DC222D}"
EndProject
Project("{2150E333-8FDC-42A3-9474-1A3956D46DE8}") = "Clients", "Clients", "{05CE5F6F-4A33-431B-8981-3020427F47FC}"
EndProject
Project("{FAE04EC0-301F-11D3-BF4B-00C04F79EFBC}") = "SmartLedger.Modules.Security.Clients", "Modules\Security\Clients\SmartLedger.Modules.Security.Clients.csproj", "{F82A6FA0-9891-409C-BDDC-655ACEBAC829}"
EndProject
Global
	GlobalSection(SolutionConfigurationPlatforms) = preSolution
		Debug|Any CPU = Debug|Any CPU
		Release|Any CPU = Release|Any CPU
	EndGlobalSection
	GlobalSection(ProjectConfigurationPlatforms) = postSolution
		{15742129-14DE-4D4C-B1A1-0BF39F1455E6}.Debug|Any CPU.ActiveCfg = Debug|Any CPU
		{15742129-14DE-4D4C-B1A1-0BF39F1455E6}.Debug|Any CPU.Build.0 = Debug|Any CPU
		{15742129-14DE-4D4C-B1A1-0BF39F1455E6}.Release|Any CPU.ActiveCfg = Release|Any CPU
		{15742129-14DE-4D4C-B1A1-0BF39F1455E6}.Release|Any CPU.Build.0 = Release|Any CPU
		{43E01262-4AF9-4964-ABD4-230C17D044A1}.Debug|Any CPU.ActiveCfg = Debug|Any CPU
		{43E01262-4AF9-4964-ABD4-230C17D044A1}.Debug|Any CPU.Build.0 = Debug|Any CPU
		{43E01262-4AF9-4964-ABD4-230C17D044A1}.Release|Any CPU.ActiveCfg = Release|Any CPU
		{43E01262-4AF9-4964-ABD4-230C17D044A1}.Release|Any CPU.Build.0 = Release|Any CPU
		{C0149A41-9BC0-4704-AC3B-C8118F95E09A}.Debug|Any CPU.ActiveCfg = Debug|Any CPU
		{C0149A41-9BC0-4704-AC3B-C8118F95E09A}.Debug|Any CPU.Build.0 = Debug|Any CPU
		{C0149A41-9BC0-4704-AC3B-C8118F95E09A}.Release|Any CPU.ActiveCfg = Release|Any CPU
		{C0149A41-9BC0-4704-AC3B-C8118F95E09A}.Release|Any CPU.Build.0 = Release|Any CPU
		{93AF502E-EEC0-414C-876A-36FBF0053E78}.Debug|Any CPU.ActiveCfg = Debug|Any CPU
		{93AF502E-EEC0-414C-876A-36FBF0053E78}.Debug|Any CPU.Build.0 = Debug|Any CPU
		{93AF502E-EEC0-414C-876A-36FBF0053E78}.Release|Any CPU.ActiveCfg = Release|Any CPU
		{93AF502E-EEC0-414C-876A-36FBF0053E78}.Release|Any CPU.Build.0 = Release|Any CPU
		{A422D197-4041-443A-88E6-04AC0F18BD86}.Debug|Any CPU.ActiveCfg = Debug|Any CPU
		{A422D197-4041-443A-88E6-04AC0F18BD86}.Debug|Any CPU.Build.0 = Debug|Any CPU
		{A422D197-4041-443A-88E6-04AC0F18BD86}.Release|Any CPU.ActiveCfg = Release|Any CPU
		{A422D197-4041-443A-88E6-04AC0F18BD86}.Release|Any CPU.Build.0 = Release|Any CPU
		{A35EB4A2-83E2-483F-8490-3675A5CE36A0}.Debug|Any CPU.ActiveCfg = Debug|Any CPU
		{A35EB4A2-83E2-483F-8490-3675A5CE36A0}.Debug|Any CPU.Build.0 = Debug|Any CPU
		{A35EB4A2-83E2-483F-8490-3675A5CE36A0}.Release|Any CPU.ActiveCfg = Release|Any CPU
		{A35EB4A2-83E2-483F-8490-3675A5CE36A0}.Release|Any CPU.Build.0 = Release|Any CPU
		{2DCB6A98-0443-4FD8-9B17-0891DABEF35A}.Debug|Any CPU.ActiveCfg = Debug|Any CPU
		{2DCB6A98-0443-4FD8-9B17-0891DABEF35A}.Debug|Any CPU.Build.0 = Debug|Any CPU
		{2DCB6A98-0443-4FD8-9B17-0891DABEF35A}.Release|Any CPU.ActiveCfg = Release|Any CPU
		{2DCB6A98-0443-4FD8-9B17-0891DABEF35A}.Release|Any CPU.Build.0 = Release|Any CPU
		{45162F20-275A-42A3-AAFF-1AA027E90B16}.Debug|Any CPU.ActiveCfg = Debug|Any CPU
		{45162F20-275A-42A3-AAFF-1AA027E90B16}.Debug|Any CPU.Build.0 = Debug|Any CPU
		{45162F20-275A-42A3-AAFF-1AA027E90B16}.Release|Any CPU.ActiveCfg = Release|Any CPU
		{45162F20-275A-42A3-AAFF-1AA027E90B16}.Release|Any CPU.Build.0 = Release|Any CPU
		{CDE1D1FF-011C-41CC-AA08-C3E0AC79C7F1}.Debug|Any CPU.ActiveCfg = Debug|Any CPU
		{CDE1D1FF-011C-41CC-AA08-C3E0AC79C7F1}.Debug|Any CPU.Build.0 = Debug|Any CPU
		{CDE1D1FF-011C-41CC-AA08-C3E0AC79C7F1}.Release|Any CPU.ActiveCfg = Release|Any CPU
		{CDE1D1FF-011C-41CC-AA08-C3E0AC79C7F1}.Release|Any CPU.Build.0 = Release|Any CPU
		{BAE83DD2-0D32-4FC0-A457-E7B00237FB38}.Debug|Any CPU.ActiveCfg = Debug|Any CPU
		{BAE83DD2-0D32-4FC0-A457-E7B00237FB38}.Debug|Any CPU.Build.0 = Debug|Any CPU
		{BAE83DD2-0D32-4FC0-A457-E7B00237FB38}.Release|Any CPU.ActiveCfg = Release|Any CPU
		{BAE83DD2-0D32-4FC0-A457-E7B00237FB38}.Release|Any CPU.Build.0 = Release|Any CPU
		{A833E9FA-5BA0-4EFC-9B89-AAEF43BE9FF0}.Debug|Any CPU.ActiveCfg = Debug|Any CPU
		{A833E9FA-5BA0-4EFC-9B89-AAEF43BE9FF0}.Debug|Any CPU.Build.0 = Debug|Any CPU
		{A833E9FA-5BA0-4EFC-9B89-AAEF43BE9FF0}.Release|Any CPU.ActiveCfg = Release|Any CPU
		{A833E9FA-5BA0-4EFC-9B89-AAEF43BE9FF0}.Release|Any CPU.Build.0 = Release|Any CPU
		{633C5C5E-2107-4FC2-891B-EB821218EE5A}.Debug|Any CPU.ActiveCfg = Debug|Any CPU
		{633C5C5E-2107-4FC2-891B-EB821218EE5A}.Debug|Any CPU.Build.0 = Debug|Any CPU
		{633C5C5E-2107-4FC2-891B-EB821218EE5A}.Release|Any CPU.ActiveCfg = Release|Any CPU
		{633C5C5E-2107-4FC2-891B-EB821218EE5A}.Release|Any CPU.Build.0 = Release|Any CPU
		{3D37FA77-FBDE-4725-A958-3F5AD5C5C214}.Debug|Any CPU.ActiveCfg = Debug|Any CPU
		{3D37FA77-FBDE-4725-A958-3F5AD5C5C214}.Debug|Any CPU.Build.0 = Debug|Any CPU
		{3D37FA77-FBDE-4725-A958-3F5AD5C5C214}.Release|Any CPU.ActiveCfg = Release|Any CPU
		{3D37FA77-FBDE-4725-A958-3F5AD5C5C214}.Release|Any CPU.Build.0 = Release|Any CPU
		{A1217DFC-8781-4AD5-B0CD-8C3DA56B5445}.Debug|Any CPU.ActiveCfg = Debug|Any CPU
		{A1217DFC-8781-4AD5-B0CD-8C3DA56B5445}.Debug|Any CPU.Build.0 = Debug|Any CPU
		{A1217DFC-8781-4AD5-B0CD-8C3DA56B5445}.Release|Any CPU.ActiveCfg = Release|Any CPU
		{A1217DFC-8781-4AD5-B0CD-8C3DA56B5445}.Release|Any CPU.Build.0 = Release|Any CPU
		{F3891547-4443-4195-9092-4A7FEBD76D6F}.Debug|Any CPU.ActiveCfg = Debug|Any CPU
		{F3891547-4443-4195-9092-4A7FEBD76D6F}.Debug|Any CPU.Build.0 = Debug|Any CPU
		{F3891547-4443-4195-9092-4A7FEBD76D6F}.Release|Any CPU.ActiveCfg = Release|Any CPU
		{F3891547-4443-4195-9092-4A7FEBD76D6F}.Release|Any CPU.Build.0 = Release|Any CPU
		{89AE83EE-1C66-4952-B9FB-9DE24F76966F}.Debug|Any CPU.ActiveCfg = Debug|Any CPU
		{89AE83EE-1C66-4952-B9FB-9DE24F76966F}.Debug|Any CPU.Build.0 = Debug|Any CPU
		{89AE83EE-1C66-4952-B9FB-9DE24F76966F}.Release|Any CPU.ActiveCfg = Release|Any CPU
		{89AE83EE-1C66-4952-B9FB-9DE24F76966F}.Release|Any CPU.Build.0 = Release|Any CPU
		{0EA4329C-07DB-41D7-8947-9BBBEAE66653}.Debug|Any CPU.ActiveCfg = Debug|Any CPU
		{0EA4329C-07DB-41D7-8947-9BBBEAE66653}.Debug|Any CPU.Build.0 = Debug|Any CPU
		{0EA4329C-07DB-41D7-8947-9BBBEAE66653}.Release|Any CPU.ActiveCfg = Release|Any CPU
		{0EA4329C-07DB-41D7-8947-9BBBEAE66653}.Release|Any CPU.Build.0 = Release|Any CPU
		{86A6C493-097D-431B-B380-58570B4862E4}.Debug|Any CPU.ActiveCfg = Debug|Any CPU
		{86A6C493-097D-431B-B380-58570B4862E4}.Debug|Any CPU.Build.0 = Debug|Any CPU
		{86A6C493-097D-431B-B380-58570B4862E4}.Release|Any CPU.ActiveCfg = Release|Any CPU
		{86A6C493-097D-431B-B380-58570B4862E4}.Release|Any CPU.Build.0 = Release|Any CPU
		{81ED5D9A-7F3C-491D-884F-45E0949F3E21}.Debug|Any CPU.ActiveCfg = Debug|Any CPU
		{81ED5D9A-7F3C-491D-884F-45E0949F3E21}.Debug|Any CPU.Build.0 = Debug|Any CPU
		{81ED5D9A-7F3C-491D-884F-45E0949F3E21}.Release|Any CPU.ActiveCfg = Release|Any CPU
		{81ED5D9A-7F3C-491D-884F-45E0949F3E21}.Release|Any CPU.Build.0 = Release|Any CPU
		{9E1E72FB-5290-4B4C-A96A-9CC32D9452A2}.Debug|Any CPU.ActiveCfg = Debug|Any CPU
		{9E1E72FB-5290-4B4C-A96A-9CC32D9452A2}.Debug|Any CPU.Build.0 = Debug|Any CPU
		{9E1E72FB-5290-4B4C-A96A-9CC32D9452A2}.Release|Any CPU.ActiveCfg = Release|Any CPU
		{9E1E72FB-5290-4B4C-A96A-9CC32D9452A2}.Release|Any CPU.Build.0 = Release|Any CPU
		{E80BFEB4-BC33-482F-B9AB-C60DEC7FCE97}.Debug|Any CPU.ActiveCfg = Debug|Any CPU
		{E80BFEB4-BC33-482F-B9AB-C60DEC7FCE97}.Debug|Any CPU.Build.0 = Debug|Any CPU
		{E80BFEB4-BC33-482F-B9AB-C60DEC7FCE97}.Release|Any CPU.ActiveCfg = Release|Any CPU
		{E80BFEB4-BC33-482F-B9AB-C60DEC7FCE97}.Release|Any CPU.Build.0 = Release|Any CPU
		{8C95D6BE-E7B5-467A-BC50-152FE16F25D0}.Debug|Any CPU.ActiveCfg = Debug|Any CPU
		{8C95D6BE-E7B5-467A-BC50-152FE16F25D0}.Debug|Any CPU.Build.0 = Debug|Any CPU
		{8C95D6BE-E7B5-467A-BC50-152FE16F25D0}.Release|Any CPU.ActiveCfg = Release|Any CPU
		{8C95D6BE-E7B5-467A-BC50-152FE16F25D0}.Release|Any CPU.Build.0 = Release|Any CPU
		{1A05AB27-B2AE-4ADA-9570-3969B1911642}.Debug|Any CPU.ActiveCfg = Debug|Any CPU
		{1A05AB27-B2AE-4ADA-9570-3969B1911642}.Debug|Any CPU.Build.0 = Debug|Any CPU
		{1A05AB27-B2AE-4ADA-9570-3969B1911642}.Release|Any CPU.ActiveCfg = Release|Any CPU
		{1A05AB27-B2AE-4ADA-9570-3969B1911642}.Release|Any CPU.Build.0 = Release|Any CPU
		{4860062F-96BC-430A-BF29-3160A23220DB}.Debug|Any CPU.ActiveCfg = Debug|Any CPU
		{4860062F-96BC-430A-BF29-3160A23220DB}.Debug|Any CPU.Build.0 = Debug|Any CPU
		{4860062F-96BC-430A-BF29-3160A23220DB}.Release|Any CPU.ActiveCfg = Release|Any CPU
		{4860062F-96BC-430A-BF29-3160A23220DB}.Release|Any CPU.Build.0 = Release|Any CPU
		{E24CBE4D-AF11-46DE-AE82-E45650DC222D}.Debug|Any CPU.ActiveCfg = Debug|Any CPU
		{E24CBE4D-AF11-46DE-AE82-E45650DC222D}.Debug|Any CPU.Build.0 = Debug|Any CPU
		{E24CBE4D-AF11-46DE-AE82-E45650DC222D}.Release|Any CPU.ActiveCfg = Release|Any CPU
		{E24CBE4D-AF11-46DE-AE82-E45650DC222D}.Release|Any CPU.Build.0 = Release|Any CPU
		{F82A6FA0-9891-409C-BDDC-655ACEBAC829}.Debug|Any CPU.ActiveCfg = Debug|Any CPU
		{F82A6FA0-9891-409C-BDDC-655ACEBAC829}.Debug|Any CPU.Build.0 = Debug|Any CPU
		{F82A6FA0-9891-409C-BDDC-655ACEBAC829}.Release|Any CPU.ActiveCfg = Release|Any CPU
		{F82A6FA0-9891-409C-BDDC-655ACEBAC829}.Release|Any CPU.Build.0 = Release|Any CPU
	EndGlobalSection
	GlobalSection(SolutionProperties) = preSolution
		HideSolutionNode = FALSE
	EndGlobalSection
	GlobalSection(NestedProjects) = preSolution
		{4132595B-5F1B-40B6-8BBE-AD7F61B656FC} = {DA61FCC8-033D-4211-AFE7-87B79ED0AB63}
		{15742129-14DE-4D4C-B1A1-0BF39F1455E6} = {4132595B-5F1B-40B6-8BBE-AD7F61B656FC}
		{97D5E899-2E96-4263-BC0E-9AD9F8627768} = {DA61FCC8-033D-4211-AFE7-87B79ED0AB63}
		{43E01262-4AF9-4964-ABD4-230C17D044A1} = {97D5E899-2E96-4263-BC0E-9AD9F8627768}
		{9737C126-9E2F-416D-B2E8-11B3E11E9795} = {DA61FCC8-033D-4211-AFE7-87B79ED0AB63}
		{06F43AE0-B7DF-4F33-999A-6A6CF28B9584} = {DA61FCC8-033D-4211-AFE7-87B79ED0AB63}
		{96C35207-1DA8-4D6E-AEA4-31F96846F888} = {DA61FCC8-033D-4211-AFE7-87B79ED0AB63}
		{C0149A41-9BC0-4704-AC3B-C8118F95E09A} = {06F43AE0-B7DF-4F33-999A-6A6CF28B9584}
		{93AF502E-EEC0-414C-876A-36FBF0053E78} = {96C35207-1DA8-4D6E-AEA4-31F96846F888}
		{4527C80D-EAD2-46B3-8443-76B666AC3131} = {B22AC098-0BA3-4FFE-97F8-6A22FE29CCA2}
		{D923C858-DFC8-4E4A-B875-3508E90B2246} = {4527C80D-EAD2-46B3-8443-76B666AC3131}
		{37E4C15F-F2D8-4BB5-AE00-6E18833DAD3E} = {4527C80D-EAD2-46B3-8443-76B666AC3131}
		{43EDDDA8-3200-4910-AD6D-05DC2A58727E} = {4527C80D-EAD2-46B3-8443-76B666AC3131}
		{B0B48BB0-3400-49F6-8C52-00C8235CDABB} = {4527C80D-EAD2-46B3-8443-76B666AC3131}
		{A422D197-4041-443A-88E6-04AC0F18BD86} = {B0B48BB0-3400-49F6-8C52-00C8235CDABB}
		{A35EB4A2-83E2-483F-8490-3675A5CE36A0} = {D923C858-DFC8-4E4A-B875-3508E90B2246}
		{1FD37B31-3BF5-4633-A009-B1704FE8DA46} = {4527C80D-EAD2-46B3-8443-76B666AC3131}
		{8CB47733-B045-4FDB-BB9B-5FD13866FEF7} = {DA61FCC8-033D-4211-AFE7-87B79ED0AB63}
		{C76A20E1-9A43-49E1-AF30-507C593CB350} = {8CB47733-B045-4FDB-BB9B-5FD13866FEF7}
		{2DCB6A98-0443-4FD8-9B17-0891DABEF35A} = {C76A20E1-9A43-49E1-AF30-507C593CB350}
		{D99FFD1E-E4B0-4A89-BF56-8CDE06A80594} = {40B26C1F-E271-4730-929C-2A2DEAFEC7D2}
		{D5E5D025-F9A9-44B7-A937-93730D859ECF} = {40B26C1F-E271-4730-929C-2A2DEAFEC7D2}
		{45162F20-275A-42A3-AAFF-1AA027E90B16} = {D99FFD1E-E4B0-4A89-BF56-8CDE06A80594}
		{CDE1D1FF-011C-41CC-AA08-C3E0AC79C7F1} = {D5E5D025-F9A9-44B7-A937-93730D859ECF}
		{0FEE806D-0203-4AE6-A8D6-3D6CA004555C} = {1FD37B31-3BF5-4633-A009-B1704FE8DA46}
		{BAE83DD2-0D32-4FC0-A457-E7B00237FB38} = {0FEE806D-0203-4AE6-A8D6-3D6CA004555C}
		{A833E9FA-5BA0-4EFC-9B89-AAEF43BE9FF0} = {43EDDDA8-3200-4910-AD6D-05DC2A58727E}
		{9FC7406C-D8E9-4CAF-9FD9-65E876453D89} = {9737C126-9E2F-416D-B2E8-11B3E11E9795}
		{8BEAEE3D-87FC-47AB-801D-18D50272D435} = {9737C126-9E2F-416D-B2E8-11B3E11E9795}
		{633C5C5E-2107-4FC2-891B-EB821218EE5A} = {8BEAEE3D-87FC-47AB-801D-18D50272D435}
		{3D37FA77-FBDE-4725-A958-3F5AD5C5C214} = {9FC7406C-D8E9-4CAF-9FD9-65E876453D89}
		{DB34BAA6-E37D-4F01-8BAA-56BE0024028F} = {37E4C15F-F2D8-4BB5-AE00-6E18833DAD3E}
		{2058631F-FF51-40DB-A7E7-F1191E036EA8} = {37E4C15F-F2D8-4BB5-AE00-6E18833DAD3E}
		{A1217DFC-8781-4AD5-B0CD-8C3DA56B5445} = {DB34BAA6-E37D-4F01-8BAA-56BE0024028F}
		{F3891547-4443-4195-9092-4A7FEBD76D6F} = {2058631F-FF51-40DB-A7E7-F1191E036EA8}
		{C11C76D3-5798-474E-A1CA-FE43B43A034E} = {B22AC098-0BA3-4FFE-97F8-6A22FE29CCA2}
		{3C6A2C82-E953-4830-ADB5-3BD6195C5193} = {C11C76D3-5798-474E-A1CA-FE43B43A034E}
		{89AE83EE-1C66-4952-B9FB-9DE24F76966F} = {3C6A2C82-E953-4830-ADB5-3BD6195C5193}
		{EF128EFC-4A5A-42F3-9BAE-DAA97B6DAD92} = {C11C76D3-5798-474E-A1CA-FE43B43A034E}
		{0EA4329C-07DB-41D7-8947-9BBBEAE66653} = {EF128EFC-4A5A-42F3-9BAE-DAA97B6DAD92}
		{7FFE50FC-A9AC-44D1-9C86-B7D923EEB89F} = {C11C76D3-5798-474E-A1CA-FE43B43A034E}
		{5BA95F48-AAEB-44E5-A9EC-A9A7A2386601} = {7FFE50FC-A9AC-44D1-9C86-B7D923EEB89F}
		{D1463AC4-95C4-4E4D-900A-F1819113DE09} = {C11C76D3-5798-474E-A1CA-FE43B43A034E}
		{5ECDF950-6937-4993-82D9-29D9AF7511AA} = {D1463AC4-95C4-4E4D-900A-F1819113DE09}
		{E24ACEFB-E6FA-46C4-BF2E-73C86F1F7DA5} = {D1463AC4-95C4-4E4D-900A-F1819113DE09}
		{86A6C493-097D-431B-B380-58570B4862E4} = {5ECDF950-6937-4993-82D9-29D9AF7511AA}
		{81ED5D9A-7F3C-491D-884F-45E0949F3E21} = {E24ACEFB-E6FA-46C4-BF2E-73C86F1F7DA5}
		{509AE6A8-1216-4A81-A1EB-87721030D0F0} = {C11C76D3-5798-474E-A1CA-FE43B43A034E}
		{9E1E72FB-5290-4B4C-A96A-9CC32D9452A2} = {509AE6A8-1216-4A81-A1EB-87721030D0F0}
		{E80BFEB4-BC33-482F-B9AB-C60DEC7FCE97} = {5BA95F48-AAEB-44E5-A9EC-A9A7A2386601}
		{CD39A0E2-684F-459E-8CC1-86A7FCFD515C} = {8CB47733-B045-4FDB-BB9B-5FD13866FEF7}
		{8C95D6BE-E7B5-467A-BC50-152FE16F25D0} = {CD39A0E2-684F-459E-8CC1-86A7FCFD515C}
		{D6751EB5-C1D7-4CE1-A6D2-6BEDAD98A319} = {B22AC098-0BA3-4FFE-97F8-6A22FE29CCA2}
		{3315345C-A5DD-4DEA-9A4D-FA7BDA8FEF10} = {D6751EB5-C1D7-4CE1-A6D2-6BEDAD98A319}
		{4A33F111-F927-411F-95EA-CDA62507FAF1} = {3315345C-A5DD-4DEA-9A4D-FA7BDA8FEF10}
		{1F20F665-3D94-438C-93EE-AEE020FA401C} = {3315345C-A5DD-4DEA-9A4D-FA7BDA8FEF10}
		{1A05AB27-B2AE-4ADA-9570-3969B1911642} = {4A33F111-F927-411F-95EA-CDA62507FAF1}
		{4860062F-96BC-430A-BF29-3160A23220DB} = {1F20F665-3D94-438C-93EE-AEE020FA401C}
		{1C0DBCD7-87B0-4F71-A13F-673E39E6F36D} = {D6751EB5-C1D7-4CE1-A6D2-6BEDAD98A319}
		{E24CBE4D-AF11-46DE-AE82-E45650DC222D} = {1C0DBCD7-87B0-4F71-A13F-673E39E6F36D}
		{05CE5F6F-4A33-431B-8981-3020427F47FC} = {D6751EB5-C1D7-4CE1-A6D2-6BEDAD98A319}
		{F82A6FA0-9891-409C-BDDC-655ACEBAC829} = {05CE5F6F-4A33-431B-8981-3020427F47FC}
	EndGlobalSection
EndGlobal
